# THIS IS AN AUTOGENERATED FILE. DO NOT EDIT THIS FILE DIRECTLY.
# yarn lockfile v1


"@types/chrome-remote-interface@^0.31.4":
  version "0.31.4"
  resolved "https://registry.yarnpkg.com/@types/chrome-remote-interface/-/chrome-remote-interface-0.31.4.tgz#d07b34f4af0c7294c5b0164780b3d7bfce078155"
  integrity sha512-DJHDwimNqCgAyG5gFmr6Y265pe967u3mnkeMVc0iHuf04PHzTgFypA2AjxSvtkM/pogqWxvfRYXy9Wa5Dj0U1g==
  dependencies:
    devtools-protocol "0.0.927104"

"@types/command-exists@^1.2.0":
  version "1.2.0"
  resolved "https://registry.yarnpkg.com/@types/command-exists/-/command-exists-1.2.0.tgz#d97e0ed10097090e4ab0367ed425b0312fad86f3"
  integrity sha512-ugsxEJfsCuqMLSuCD4PIJkp5Uk2z6TCMRCgYVuhRo5cYQY3+1xXTQkSlPtkpGHuvWMjS2KTeVQXxkXRACMbM6A==

"@types/minimist@^1.2.2":
  version "1.2.2"
  resolved "https://registry.yarnpkg.com/@types/minimist/-/minimist-1.2.2.tgz#ee771e2ba4b3dc5b372935d549fd9617bf345b8c"
  integrity sha512-jhuKLIRrhvCPLqwPcx6INqmKeiA5EWrsCOPhrlFSrbrmU4ZMPjj5Ul/oLCMDO98XRUIwVm78xICz4EPCektzeQ==

"@types/node@^14.0.24":
  version "14.14.37"
  resolved "https://registry.yarnpkg.com/@types/node/-/node-14.14.37.tgz#a3dd8da4eb84a996c36e331df98d82abd76b516e"
  integrity sha512-XYmBiy+ohOR4Lh5jE379fV2IU+6Jn4g5qASinhitfyO71b/sCo6MKsMLF5tc7Zf2CE8hViVQyYSobJNke8OvUw==

chrome-remote-interface@^0.31.1:
  version "0.31.1"
  resolved "https://registry.yarnpkg.com/chrome-remote-interface/-/chrome-remote-interface-0.31.1.tgz#87c37c81f10d9f0832b6d6a42e52ac2c7ebb4008"
  integrity sha512-cvNTnXfx4kYCaeh2sEKrdlqZsYRleACPL47O8LrrjihVfBQbfPmf03vVqSSm7SIeqyo2P77ZXovrBAs4D/nopQ==
  dependencies:
    commander "2.11.x"
    ws "^7.2.0"

command-exists@^1.2.9:
  version "1.2.9"
  resolved "https://registry.yarnpkg.com/command-exists/-/command-exists-1.2.9.tgz#c50725af3808c8ab0260fd60b01fbfa25b954f69"
  integrity sha512-LTQ/SGc+s0Xc0Fu5WaKnR0YiygZkm9eKFvyS+fRsU7/ZWFF8ykFM6Pc9aCVf1+xasOOZpO3BAVgVrKvsqKHV7w==

commander@2.11.x:
  version "2.11.0"
  resolved "https://registry.yarnpkg.com/commander/-/commander-2.11.0.tgz#157152fd1e7a6c8d98a5b715cf376df928004563"
  integrity sha512-b0553uYA5YAEGgyYIGYROzKQ7X5RAqedkfjiZxwi0kL1g3bOaBNNZfYkzt/CL0umgD5wc9Jec2FbB98CjkMRvQ==

devtools-protocol@0.0.927104:
  version "0.0.927104"
  resolved "https://registry.yarnpkg.com/devtools-protocol/-/devtools-protocol-0.0.927104.tgz#3bba0fca644bcdce1bcebb10ae392ab13428a7a0"
  integrity sha512-5jfffjSuTOv0Lz53wTNNTcCUV8rv7d82AhYcapj28bC2B5tDxEZzVb7k51cNxZP2KHw24QE+sW7ZuSeD9NfMpA==

minimist@^1.2.6:
  version "1.2.6"
  resolved "https://registry.yarnpkg.com/minimist/-/minimist-1.2.6.tgz#8637a5b759ea0d6e98702cfb3a9283323c93af44"
  integrity sha512-Jsjnk4bw3YJqYzbdyBiNsPWHPfO++UGG749Cxs6peCu5Xg4nrena6OVxOYxrQTqww0Jmwt+Ref8rggumkTLz9Q==

typescript@^4.5.4:
  version "4.5.4"
  resolved "https://registry.yarnpkg.com/typescript/-/typescript-4.5.4.tgz#a17d3a0263bf5c8723b9c52f43c5084edf13c2e8"
  integrity sha512-VgYs2A2QIRuGphtzFV7aQJduJ2gyfTljngLzjpfW9FoYZF6xuw1W0vW9ghCKLfcWrCFxK81CSGRAvS1pn4fIUg==

ws@^7.2.0:
  version "7.5.10"
  resolved "https://registry.yarnpkg.com/ws/-/ws-7.5.10.tgz#58b5c20dc281633f6c19113f39b349bd8bd558d9"
  integrity sha512-+dbF1tHwZpXcbOJdVOkzLDxZP1ailvSxM6ZweXTegylPny803bFhA+vqBYw4s31NSAk4S2Qz+AKXK9a4wkdjcQ==
